
Microsoft Visual Studio Solution File, Format Version 12.00
# Visual Studio Version 17
VisualStudioVersion = 17.7.34031.279
MinimumVisualStudioVersion = 10.0.40219.1
Project("{FAE04EC0-301F-11D3-BF4B-00C04F79EFBC}") = "HW-25.11.23(client)", "HW-25.11.23(client).csproj", "{DF3B953F-48A0-4A0A-BB6A-5134108EF517}"
EndProject
Global
	GlobalSection(SolutionConfigurationPlatforms) = preSolution
		Debug|Any CPU = Debug|Any CPU
		Release|Any CPU = Release|Any CPU
	EndGlobalSection
	GlobalSection(ProjectConfigurationPlatforms) = postSolution
		{DF3B953F-48A0-4A0A-BB6A-5134108EF517}.Debug|Any CPU.ActiveCfg = Debug|Any CPU
		{DF3B953F-48A0-4A0A-BB6A-5134108EF517}.Debug|Any CPU.Build.0 = Debug|Any CPU
		{DF3B953F-48A0-4A0A-BB6A-5134108EF517}.Release|Any CPU.ActiveCfg = Release|Any CPU
		{DF3B953F-48A0-4A0A-BB6A-5134108EF517}.Release|Any CPU.Build.0 = Release|Any CPU
	EndGlobalSection
	GlobalSection(SolutionProperties) = preSolution
		HideSolutionNode = FALSE
	EndGlobalSection
	GlobalSection(ExtensibilityGlobals) = postSolution
		SolutionGuid = {DCFE5CF9-7BE0-437B-A8CC-2CC28E1A8C5B}
	EndGlobalSection
EndGlobal
